
Microsoft Visual Studio Solution File, Format Version 12.00
# Visual Studio Version 16
VisualStudioVersion = 16.0.31702.278
MinimumVisualStudioVersion = 10.0.40219.1
Project("{FAE04EC0-301F-11D3-BF4B-00C04F79EFBC}") = "TestClientAuthCert", "TestClientAuthCert.csproj", "{154D2F96-A07F-4BA9-9471-08A511C815EE}"
EndProject
Global
	GlobalSection(SolutionConfigurationPlatforms) = preSolution
		Debug|Any CPU = Debug|Any CPU
		Release|Any CPU = Release|Any CPU
	EndGlobalSection
	GlobalSection(ProjectConfigurationPlatforms) = postSolution
		{154D2F96-A07F-4BA9-9471-08A511C815EE}.Debug|Any CPU.ActiveCfg = Debug|Any CPU
		{154D2F96-A07F-4BA9-9471-08A511C815EE}.Debug|Any CPU.Build.0 = Debug|Any CPU
		{154D2F96-A07F-4BA9-9471-08A511C815EE}.Release|Any CPU.ActiveCfg = Release|Any CPU
		{154D2F96-A07F-4BA9-9471-08A511C815EE}.Release|Any CPU.Build.0 = Release|Any CPU
	EndGlobalSection
	GlobalSection(SolutionProperties) = preSolution
		HideSolutionNode = FALSE
	EndGlobalSection
	GlobalSection(ExtensibilityGlobals) = postSolution
		SolutionGuid = {3B0824A2-7DBC-453A-B525-9FAEB3AB1F26}
	EndGlobalSection
EndGlobal
